github.com/coder/websocket v1.8.15 h1:6B2JPeOGlpff2Uz6vOEH1Vzpi0iUz20A+lPVhPHtNUA=
github.com/coder/websocket v1.8.15/go.mod h1:NX3SzP+inril6yawo5CQXx8+fk145lPDC6pumgx0mVg=
github.com/pilot-protocol/common v0.5.7 h1:GY6KhB+PwV713HAAhVrVEZJN9e5DsnbfElPiOAEpzJE=
github.com/pilot-protocol/common v0.5.7/go.mod h1:Y6yaOsywr8J4aGvyoyuOtDpwZTheFM7GOjDt6Y/ZB9I=
github.com/pilot-protocol/handshake v0.2.2 h1:t2z+AIoaxxfOVxciyWEa/T6y2RP0WbP5qc6zUoDwcIs=
github.com/pilot-protocol/handshake v0.2.2/go.mod h1:LNp71o9ImbwRNOeBFCI0BmsND7oFiyJPFTd90yFzGGA=
github.com/pilot-protocol/pilotprotocol v1.12.5 h1:6dfc15F1lJSdX+U3mSEHmSLIDqlfftUqQ22OonnC8rw=
github.com/pilot-protocol/pilotprotocol v1.12.5/go.mod h1:zLsKLBBY62FFQM13gwmBLfNbhqdSWbW9q7vZCSaIcyQ=
github.com/pilot-protocol/rendezvous v0.2.5 h1:PvApwKHU2DnvK8pA6K9RAohUomZNu6vX6ccIEoTogvo=
github.com/pilot-protocol/rendezvous v0.2.5/go.mod h1:nUPZaM1R1x0iEKbTp1TuYqro2wgBArwT0E4wauR8I2E=
github.com/pilot-protocol/trustedagents v0.2.4 h1:NqYjU3eoxBzyzzlhTQY2vV4q0l5+4eaADAhrOD1OkQU=
github.com/pilot-protocol/trustedagents v0.2.4/go.mod h1:Y3Eq/IOZqAUIbtzVBcxW4epkciaFAFAYkEyu/E7DXe4=
golang.org/x/sys v0.46.0 h1:noSf2Fq6F8DBgS+LysIkx7rIExoNHJsxOAtPp4rthXw=
golang.org/x/sys v0.46.0/go.mod h1:4GL1E5IUh+htKOUEOaiffhrAeqysfVGipDYzABqnCmw=
